
Microsoft Visual Studio Solution File, Format Version 12.00
# Visual Studio Version 17
VisualStudioVersion = 17.7.34202.233
MinimumVisualStudioVersion = 10.0.40219.1
Project("{FAE04EC0-301F-11D3-BF4B-00C04F79EFBC}") = "rft", "rft\rft.csproj", "{ECE57E4D-9BDB-4701-ABC5-5ACF1CFD3933}"
EndProject
Global
	GlobalSection(SolutionConfigurationPlatforms) = preSolution
		Debug|Any CPU = Debug|Any CPU
		Release|Any CPU = Release|Any CPU
	EndGlobalSection
	GlobalSection(ProjectConfigurationPlatforms) = postSolution
		{ECE57E4D-9BDB-4701-ABC5-5ACF1CFD3933}.Debug|Any CPU.ActiveCfg = Debug|Any CPU
		{ECE57E4D-9BDB-4701-ABC5-5ACF1CFD3933}.Debug|Any CPU.Build.0 = Debug|Any CPU
		{ECE57E4D-9BDB-4701-ABC5-5ACF1CFD3933}.Release|Any CPU.ActiveCfg = Release|Any CPU
		{ECE57E4D-9BDB-4701-ABC5-5ACF1CFD3933}.Release|Any CPU.Build.0 = Release|Any CPU
	EndGlobalSection
	GlobalSection(SolutionProperties) = preSolution
		HideSolutionNode = FALSE
	EndGlobalSection
	GlobalSection(ExtensibilityGlobals) = postSolution
		SolutionGuid = {8FF82E43-80EE-4102-8CB1-72F202D8C1A8}
	EndGlobalSection
EndGlobal
